
Microsoft Visual Studio Solution File, Format Version 12.00
# Visual Studio Version 16
VisualStudioVersion = 16.0.30128.74
MinimumVisualStudioVersion = 10.0.40219.1
Project("{FAE04EC0-301F-11D3-BF4B-00C04F79EFBC}") = "AspIdentitySampleProject", "AspIdentitySampleProject\AspIdentitySampleProject.csproj", "{9185E16D-863C-4FAE-8DEA-13F2616A6689}"
EndProject
Project("{FAE04EC0-301F-11D3-BF4B-00C04F79EFBC}") = "CustomAuthenticationSampleProject", "CustomAuthenticationSampleProject\CustomAuthenticationSampleProject.csproj", "{2F0C06F6-3333-4D5B-9701-9D4E47EB1513}"
EndProject
Global
	GlobalSection(SolutionConfigurationPlatforms) = preSolution
		Debug|Any CPU = Debug|Any CPU
		Release|Any CPU = Release|Any CPU
	EndGlobalSection
	GlobalSection(ProjectConfigurationPlatforms) = postSolution
		{9185E16D-863C-4FAE-8DEA-13F2616A6689}.Debug|Any CPU.ActiveCfg = Debug|Any CPU
		{9185E16D-863C-4FAE-8DEA-13F2616A6689}.Debug|Any CPU.Build.0 = Debug|Any CPU
		{9185E16D-863C-4FAE-8DEA-13F2616A6689}.Release|Any CPU.ActiveCfg = Release|Any CPU
		{9185E16D-863C-4FAE-8DEA-13F2616A6689}.Release|Any CPU.Build.0 = Release|Any CPU
		{2F0C06F6-3333-4D5B-9701-9D4E47EB1513}.Debug|Any CPU.ActiveCfg = Debug|Any CPU
		{2F0C06F6-3333-4D5B-9701-9D4E47EB1513}.Debug|Any CPU.Build.0 = Debug|Any CPU
		{2F0C06F6-3333-4D5B-9701-9D4E47EB1513}.Release|Any CPU.ActiveCfg = Release|Any CPU
		{2F0C06F6-3333-4D5B-9701-9D4E47EB1513}.Release|Any CPU.Build.0 = Release|Any CPU
	EndGlobalSection
	GlobalSection(SolutionProperties) = preSolution
		HideSolutionNode = FALSE
	EndGlobalSection
	GlobalSection(ExtensibilityGlobals) = postSolution
		SolutionGuid = {355F1AD9-57E4-438A-BB9B-190B7862B24D}
	EndGlobalSection
EndGlobal
